
Microsoft Visual Studio Solution File, Format Version 12.00
Project("{FAE04EC0-301F-11D3-BF4B-00C04F79EFBC}") = "Tests", "Tests\Tests.csproj", "{64018F72-0E19-456E-A003-CD8F907B0F95}"
EndProject
Project("{FAE04EC0-301F-11D3-BF4B-00C04F79EFBC}") = "Source", "Source\Source.csproj", "{365BDB33-E024-4628-A167-8E9DE4998AD9}"
EndProject
Global
	GlobalSection(SolutionConfigurationPlatforms) = preSolution
		Debug|Any CPU = Debug|Any CPU
		Release|Any CPU = Release|Any CPU
	EndGlobalSection
	GlobalSection(ProjectConfigurationPlatforms) = postSolution
		{64018F72-0E19-456E-A003-CD8F907B0F95}.Debug|Any CPU.ActiveCfg = Debug|Any CPU
		{64018F72-0E19-456E-A003-CD8F907B0F95}.Debug|Any CPU.Build.0 = Debug|Any CPU
		{64018F72-0E19-456E-A003-CD8F907B0F95}.Release|Any CPU.ActiveCfg = Release|Any CPU
		{64018F72-0E19-456E-A003-CD8F907B0F95}.Release|Any CPU.Build.0 = Release|Any CPU
		{365BDB33-E024-4628-A167-8E9DE4998AD9}.Debug|Any CPU.ActiveCfg = Debug|Any CPU
		{365BDB33-E024-4628-A167-8E9DE4998AD9}.Debug|Any CPU.Build.0 = Debug|Any CPU
		{365BDB33-E024-4628-A167-8E9DE4998AD9}.Release|Any CPU.ActiveCfg = Release|Any CPU
		{365BDB33-E024-4628-A167-8E9DE4998AD9}.Release|Any CPU.Build.0 = Release|Any CPU
	EndGlobalSection
EndGlobal
